
Microsoft Visual Studio Solution File, Format Version 12.00
# Visual Studio Version 17
VisualStudioVersion = 17.7.34031.279
MinimumVisualStudioVersion = 10.0.40219.1
Project("{FAE04EC0-301F-11D3-BF4B-00C04F79EFBC}") = "AOC2023", "AOC2023\AOC2023.csproj", "{53F85828-123D-466E-98CB-B7A64BC38F07}"
EndProject
Global
	GlobalSection(SolutionConfigurationPlatforms) = preSolution
		Debug|Any CPU = Debug|Any CPU
		Release|Any CPU = Release|Any CPU
	EndGlobalSection
	GlobalSection(ProjectConfigurationPlatforms) = postSolution
		{53F85828-123D-466E-98CB-B7A64BC38F07}.Debug|Any CPU.ActiveCfg = Debug|Any CPU
		{53F85828-123D-466E-98CB-B7A64BC38F07}.Debug|Any CPU.Build.0 = Debug|Any CPU
		{53F85828-123D-466E-98CB-B7A64BC38F07}.Release|Any CPU.ActiveCfg = Release|Any CPU
		{53F85828-123D-466E-98CB-B7A64BC38F07}.Release|Any CPU.Build.0 = Release|Any CPU
	EndGlobalSection
	GlobalSection(SolutionProperties) = preSolution
		HideSolutionNode = FALSE
	EndGlobalSection
	GlobalSection(ExtensibilityGlobals) = postSolution
		SolutionGuid = {ED642C50-18D2-4DDC-8B10-C46BA2BCFC95}
	EndGlobalSection
EndGlobal
